
Microsoft Visual Studio Solution File, Format Version 12.00
# Visual Studio Version 18
VisualStudioVersion = 18.0.11217.181
MinimumVisualStudioVersion = 10.0.40219.1
Project("{FAE04EC0-301F-11D3-BF4B-00C04F79EFBC}") = "Common", "Shared\Common.csproj", "{1D311FE5-40E8-4186-ADA2-E36E514C6106}"
EndProject
Project("{2150E333-8FDC-42A3-9474-1A3956D46DE8}") = "Solution Items", "Solution Items", "{02EA681E-C7D8-13C7-8484-4AC65E1B71E8}"
	ProjectSection(SolutionItems) = preProject
		.editorconfig = .editorconfig
		Directory.Packages.props = Directory.Packages.props
		..\🏆 AUTH.docx = ..\🏆 AUTH.docx
	EndProjectSection
EndProject
Project("{FAE04EC0-301F-11D3-BF4B-00C04F79EFBC}") = "AuthAPI", "AuthAPI\AuthAPI.csproj", "{B26CE87D-D56F-492A-8B0A-6B178CEB7D9B}"
EndProject
Project("{FAE04EC0-301F-11D3-BF4B-00C04F79EFBC}") = "Shared.Tests", "Shared.Tests\Shared.Tests.csproj", "{21FB257A-3BA4-437D-960B-36F349D668AF}"
EndProject
Project("{FAE04EC0-301F-11D3-BF4B-00C04F79EFBC}") = "Common.Generators", "CoustomSourceGenerator\Common.Generators.csproj", "{A255FC37-AB85-4C68-B57F-0FC0B2F769E7}"
EndProject
Project("{2150E333-8FDC-42A3-9474-1A3956D46DE8}") = "services", "services", "{E3690FE2-3996-4BF5-AE2E-977D302E80FA}"
EndProject
Project("{FAE04EC0-301F-11D3-BF4B-00C04F79EFBC}") = "AppHost", "AppHost\AppHost.csproj", "{FFF91202-5782-4B4D-B9D5-4567111ACCB6}"
EndProject
Project("{FAE04EC0-301F-11D3-BF4B-00C04F79EFBC}") = "ServiceDefaults", "ServiceDefaults\ServiceDefaults.csproj", "{0C767538-1341-484F-8DD8-4D36D0686DDF}"
EndProject
Project("{2150E333-8FDC-42A3-9474-1A3956D46DE8}") = "Aspire", "Aspire", "{4E683E39-FBFA-4593-9B8D-3056C1891CB8}"
EndProject
Project("{FAE04EC0-301F-11D3-BF4B-00C04F79EFBC}") = "Aspire.Tests", "Aspire.Tests\Aspire.Tests.csproj", "{896212CE-5289-4DE4-8F97-E41B9572196D}"
EndProject
Global
	GlobalSection(SolutionConfigurationPlatforms) = preSolution
		Debug|Any CPU = Debug|Any CPU
		Release|Any CPU = Release|Any CPU
	EndGlobalSection
	GlobalSection(ProjectConfigurationPlatforms) = postSolution
		{1D311FE5-40E8-4186-ADA2-E36E514C6106}.Debug|Any CPU.ActiveCfg = Debug|Any CPU
		{1D311FE5-40E8-4186-ADA2-E36E514C6106}.Debug|Any CPU.Build.0 = Debug|Any CPU
		{1D311FE5-40E8-4186-ADA2-E36E514C6106}.Release|Any CPU.ActiveCfg = Release|Any CPU
		{1D311FE5-40E8-4186-ADA2-E36E514C6106}.Release|Any CPU.Build.0 = Release|Any CPU
		{B26CE87D-D56F-492A-8B0A-6B178CEB7D9B}.Debug|Any CPU.ActiveCfg = Debug|Any CPU
		{B26CE87D-D56F-492A-8B0A-6B178CEB7D9B}.Debug|Any CPU.Build.0 = Debug|Any CPU
		{B26CE87D-D56F-492A-8B0A-6B178CEB7D9B}.Release|Any CPU.ActiveCfg = Release|Any CPU
		{B26CE87D-D56F-492A-8B0A-6B178CEB7D9B}.Release|Any CPU.Build.0 = Release|Any CPU
		{21FB257A-3BA4-437D-960B-36F349D668AF}.Debug|Any CPU.ActiveCfg = Debug|Any CPU
		{21FB257A-3BA4-437D-960B-36F349D668AF}.Debug|Any CPU.Build.0 = Debug|Any CPU
		{21FB257A-3BA4-437D-960B-36F349D668AF}.Release|Any CPU.ActiveCfg = Release|Any CPU
		{21FB257A-3BA4-437D-960B-36F349D668AF}.Release|Any CPU.Build.0 = Release|Any CPU
		{A255FC37-AB85-4C68-B57F-0FC0B2F769E7}.Debug|Any CPU.ActiveCfg = Debug|Any CPU
		{A255FC37-AB85-4C68-B57F-0FC0B2F769E7}.Debug|Any CPU.Build.0 = Debug|Any CPU
		{A255FC37-AB85-4C68-B57F-0FC0B2F769E7}.Release|Any CPU.ActiveCfg = Release|Any CPU
		{A255FC37-AB85-4C68-B57F-0FC0B2F769E7}.Release|Any CPU.Build.0 = Release|Any CPU
		{FFF91202-5782-4B4D-B9D5-4567111ACCB6}.Debug|Any CPU.ActiveCfg = Debug|Any CPU
		{FFF91202-5782-4B4D-B9D5-4567111ACCB6}.Debug|Any CPU.Build.0 = Debug|Any CPU
		{FFF91202-5782-4B4D-B9D5-4567111ACCB6}.Release|Any CPU.ActiveCfg = Release|Any CPU
		{FFF91202-5782-4B4D-B9D5-4567111ACCB6}.Release|Any CPU.Build.0 = Release|Any CPU
		{0C767538-1341-484F-8DD8-4D36D0686DDF}.Debug|Any CPU.ActiveCfg = Debug|Any CPU
		{0C767538-1341-484F-8DD8-4D36D0686DDF}.Debug|Any CPU.Build.0 = Debug|Any CPU
		{0C767538-1341-484F-8DD8-4D36D0686DDF}.Release|Any CPU.ActiveCfg = Release|Any CPU
		{0C767538-1341-484F-8DD8-4D36D0686DDF}.Release|Any CPU.Build.0 = Release|Any CPU
		{896212CE-5289-4DE4-8F97-E41B9572196D}.Debug|Any CPU.ActiveCfg = Debug|Any CPU
		{896212CE-5289-4DE4-8F97-E41B9572196D}.Debug|Any CPU.Build.0 = Debug|Any CPU
		{896212CE-5289-4DE4-8F97-E41B9572196D}.Release|Any CPU.ActiveCfg = Release|Any CPU
		{896212CE-5289-4DE4-8F97-E41B9572196D}.Release|Any CPU.Build.0 = Release|Any CPU
	EndGlobalSection
	GlobalSection(SolutionProperties) = preSolution
		HideSolutionNode = FALSE
	EndGlobalSection
	GlobalSection(NestedProjects) = preSolution
		{FFF91202-5782-4B4D-B9D5-4567111ACCB6} = {4E683E39-FBFA-4593-9B8D-3056C1891CB8}
		{0C767538-1341-484F-8DD8-4D36D0686DDF} = {4E683E39-FBFA-4593-9B8D-3056C1891CB8}
		{896212CE-5289-4DE4-8F97-E41B9572196D} = {4E683E39-FBFA-4593-9B8D-3056C1891CB8}
	EndGlobalSection
	GlobalSection(ExtensibilityGlobals) = postSolution
		SolutionGuid = {07DDDA96-FF6A-431C-8AB5-0C234FA6D98D}
	EndGlobalSection
EndGlobal
